
Microsoft Visual Studio Solution File, Format Version 12.00
# Visual Studio 2013
VisualStudioVersion = 12.0.40629.0
MinimumVisualStudioVersion = 10.0.40219.1
Project("{8BC9CEB8-8B4A-11D0-8D11-00A0C91BC942}") = "PeragoCPP", "PeragoCPP\PeragoCPP.vcxproj", "{0350F72B-B6D8-4D3B-9AB2-D555568CE2E3}"
EndProject
Global
	GlobalSection(SolutionConfigurationPlatforms) = preSolution
		Debug|Win32 = Debug|Win32
		Release|Win32 = Release|Win32
	EndGlobalSection
	GlobalSection(ProjectConfigurationPlatforms) = postSolution
		{0350F72B-B6D8-4D3B-9AB2-D555568CE2E3}.Debug|Win32.ActiveCfg = Debug|Win32
		{0350F72B-B6D8-4D3B-9AB2-D555568CE2E3}.Debug|Win32.Build.0 = Debug|Win32
		{0350F72B-B6D8-4D3B-9AB2-D555568CE2E3}.Release|Win32.ActiveCfg = Release|Win32
		{0350F72B-B6D8-4D3B-9AB2-D555568CE2E3}.Release|Win32.Build.0 = Release|Win32
	EndGlobalSection
	GlobalSection(SolutionProperties) = preSolution
		HideSolutionNode = FALSE
	EndGlobalSection
EndGlobal
